
Microsoft Visual Studio Solution File, Format Version 12.00
# Visual Studio 14
VisualStudioVersion = 14.0.25420.1
MinimumVisualStudioVersion = 10.0.40219.1
Project("{FAE04EC0-301F-11D3-BF4B-00C04F79EFBC}") = "Repository.UI", "Repository.UI\Repository.UI.csproj", "{96C18B3B-2217-4CB2-B919-CE22C3CB3D4D}"
EndProject
Project("{2150E333-8FDC-42A3-9474-1A3956D46DE8}") = "Repositories", "Repositories", "{EF7F9DCF-D051-4C5A-8707-08B645AE7058}"
EndProject
Project("{FAE04EC0-301F-11D3-BF4B-00C04F79EFBC}") = "Repository", "Repositories\Repository\Repository.csproj", "{48583D20-9F5E-4EC7-9115-45E8244C82C9}"
EndProject
Project("{FAE04EC0-301F-11D3-BF4B-00C04F79EFBC}") = "Repository.Model", "Repository.Model\Repository.Model\Repository.Model.csproj", "{4060D03A-B4B8-4B36-A764-58E45754B5CE}"
EndProject
Project("{2150E333-8FDC-42A3-9474-1A3956D46DE8}") = "Repository.Model", "Repository.Model", "{6D4DED64-A52B-40A5-B0A5-6C6695E0D754}"
EndProject
Project("{2150E333-8FDC-42A3-9474-1A3956D46DE8}") = "Repository.UI", "Repository.UI", "{2387D40A-E37E-445C-BE05-9C7331C3EB7E}"
EndProject
Global
	GlobalSection(SolutionConfigurationPlatforms) = preSolution
		Debug|Any CPU = Debug|Any CPU
		Release|Any CPU = Release|Any CPU
	EndGlobalSection
	GlobalSection(ProjectConfigurationPlatforms) = postSolution
		{96C18B3B-2217-4CB2-B919-CE22C3CB3D4D}.Debug|Any CPU.ActiveCfg = Debug|Any CPU
		{96C18B3B-2217-4CB2-B919-CE22C3CB3D4D}.Debug|Any CPU.Build.0 = Debug|Any CPU
		{96C18B3B-2217-4CB2-B919-CE22C3CB3D4D}.Release|Any CPU.ActiveCfg = Release|Any CPU
		{96C18B3B-2217-4CB2-B919-CE22C3CB3D4D}.Release|Any CPU.Build.0 = Release|Any CPU
		{48583D20-9F5E-4EC7-9115-45E8244C82C9}.Debug|Any CPU.ActiveCfg = Debug|Any CPU
		{48583D20-9F5E-4EC7-9115-45E8244C82C9}.Debug|Any CPU.Build.0 = Debug|Any CPU
		{48583D20-9F5E-4EC7-9115-45E8244C82C9}.Release|Any CPU.ActiveCfg = Release|Any CPU
		{48583D20-9F5E-4EC7-9115-45E8244C82C9}.Release|Any CPU.Build.0 = Release|Any CPU
		{4060D03A-B4B8-4B36-A764-58E45754B5CE}.Debug|Any CPU.ActiveCfg = Debug|Any CPU
		{4060D03A-B4B8-4B36-A764-58E45754B5CE}.Debug|Any CPU.Build.0 = Debug|Any CPU
		{4060D03A-B4B8-4B36-A764-58E45754B5CE}.Release|Any CPU.ActiveCfg = Release|Any CPU
		{4060D03A-B4B8-4B36-A764-58E45754B5CE}.Release|Any CPU.Build.0 = Release|Any CPU
	EndGlobalSection
	GlobalSection(SolutionProperties) = preSolution
		HideSolutionNode = FALSE
	EndGlobalSection
	GlobalSection(NestedProjects) = preSolution
		{96C18B3B-2217-4CB2-B919-CE22C3CB3D4D} = {2387D40A-E37E-445C-BE05-9C7331C3EB7E}
		{48583D20-9F5E-4EC7-9115-45E8244C82C9} = {EF7F9DCF-D051-4C5A-8707-08B645AE7058}
		{4060D03A-B4B8-4B36-A764-58E45754B5CE} = {6D4DED64-A52B-40A5-B0A5-6C6695E0D754}
	EndGlobalSection
EndGlobal
